# This is a Gradle generated file for dependency locking.
# Manual edits can break the build and are not advised.
# This file is expected to be part of source control.
com.beust:jcommander:1.82=__$$asciidoctorj$$___r
org.asciidoctor:asciidoctorj-api:2.5.7=__$$asciidoctorj$$___r
org.asciidoctor:asciidoctorj:2.5.7=__$$asciidoctorj$$___r
org.jruby:jruby-complete:9.3.8.0=__$$asciidoctorj$$___r
empty=
